
Microsoft Visual Studio Solution File, Format Version 12.00
# Visual Studio Version 17
VisualStudioVersion = 17.13.35825.156 d17.13
MinimumVisualStudioVersion = 10.0.40219.1
Project("{8BC9CEB8-8B4A-11D0-8D11-00A0C91BC942}") = "Gauss_Kruger", "Gauss_Kruger\Gauss_Kruger.vcxproj", "{58A9C89F-E4BF-4DF6-B805-F61F61F2AE21}"
EndProject
Global
	GlobalSection(SolutionConfigurationPlatforms) = preSolution
		Debug|x64 = Debug|x64
		Debug|x86 = Debug|x86
		Release|x64 = Release|x64
		Release|x86 = Release|x86
	EndGlobalSection
	GlobalSection(ProjectConfigurationPlatforms) = postSolution
		{58A9C89F-E4BF-4DF6-B805-F61F61F2AE21}.Debug|x64.ActiveCfg = Debug|x64
		{58A9C89F-E4BF-4DF6-B805-F61F61F2AE21}.Debug|x64.Build.0 = Debug|x64
		{58A9C89F-E4BF-4DF6-B805-F61F61F2AE21}.Debug|x86.ActiveCfg = Debug|Win32
		{58A9C89F-E4BF-4DF6-B805-F61F61F2AE21}.Debug|x86.Build.0 = Debug|Win32
		{58A9C89F-E4BF-4DF6-B805-F61F61F2AE21}.Release|x64.ActiveCfg = Release|x64
		{58A9C89F-E4BF-4DF6-B805-F61F61F2AE21}.Release|x64.Build.0 = Release|x64
		{58A9C89F-E4BF-4DF6-B805-F61F61F2AE21}.Release|x86.ActiveCfg = Release|Win32
		{58A9C89F-E4BF-4DF6-B805-F61F61F2AE21}.Release|x86.Build.0 = Release|Win32
	EndGlobalSection
	GlobalSection(SolutionProperties) = preSolution
		HideSolutionNode = FALSE
	EndGlobalSection
	GlobalSection(ExtensibilityGlobals) = postSolution
		SolutionGuid = {49024503-2D57-4491-8508-F6ADEE461613}
	EndGlobalSection
EndGlobal
